// !$*UTF8*$!
{
	archiveVersion = 1;
	classes = {
	};
	objectVersion = 46;
	objects = {

/* Begin PBXBuildFile section */
		0F0505D41C6D2D3000888E9C /* MenuViewController.swift in Sources */ = {isa = PBXBuildFile; fileRef = 0F0505D31C6D2D3000888E9C /* MenuViewController.swift */; };
		0F0505D61C6D54AF00888E9C /* UserViewController.swift in Sources */ = {isa = PBXBuildFile; fileRef = 0F0505D51C6D54AF00888E9C /* UserViewController.swift */; };
		0FF3E8401C640598005EBE54 /* AppDelegate.swift in Sources */ = {isa = PBXBuildFile; fileRef = 0FF3E83F1C640598005EBE54 /* AppDelegate.swift */; };
		0FF3E8451C640598005EBE54 /* Main.storyboard in Resources */ = {isa = PBXBuildFile; fileRef = 0FF3E8431C640598005EBE54 /* Main.storyboard */; };
		0FF3E8471C640598005EBE54 /* Assets.xcassets in Resources */ = {isa = PBXBuildFile; fileRef = 0FF3E8461C640598005EBE54 /* Assets.xcassets */; };
		0FF3E84A1C640598005EBE54 /* LaunchScreen.storyboard in Resources */ = {isa = PBXBuildFile; fileRef = 0FF3E8481C640598005EBE54 /* LaunchScreen.storyboard */; };
		0FF3E8551C640598005EBE54 /* BreakoutTests.swift in Sources */ = {isa = PBXBuildFile; fileRef = 0FF3E8541C640598005EBE54 /* BreakoutTests.swift */; };
		0FF3E8601C640598005EBE54 /* BreakoutUITests.swift in Sources */ = {isa = PBXBuildFile; fileRef = 0FF3E85F1C640598005EBE54 /* BreakoutUITests.swift */; };
		0FF3E8AB1C641C0D005EBE54 /* BreakoutViewController.swift in Sources */ = {isa = PBXBuildFile; fileRef = 0FF3E8AA1C641C0D005EBE54 /* BreakoutViewController.swift */; };
		0FF3E8AF1C641DBA005EBE54 /* BreakoutBehavior.swift in Sources */ = {isa = PBXBuildFile; fileRef = 0FF3E8AE1C641DBA005EBE54 /* BreakoutBehavior.swift */; };
		0FF3E8B51C6959C8005EBE54 /* SettingsViewController.swift in Sources */ = {isa = PBXBuildFile; fileRef = 0FF3E8B41C6959C7005EBE54 /* SettingsViewController.swift */; };
/* End PBXBuildFile section */

/* Begin PBXContainerItemProxy section */
		0FF3E8511C640598005EBE54 /* PBXContainerItemProxy */ = {
			isa = PBXContainerItemProxy;
			containerPortal = 0FF3E8341C640598005EBE54 /* Project object */;
			proxyType = 1;
			remoteGlobalIDString = 0FF3E83B1C640598005EBE54;
			remoteInfo = Breakout;
		};
		0FF3E85C1C640598005EBE54 /* PBXContainerItemProxy */ = {
			isa = PBXContainerItemProxy;
			containerPortal = 0FF3E8341C640598005EBE54 /* Project object */;
			proxyType = 1;
			remoteGlobalIDString = 0FF3E83B1C640598005EBE54;
			remoteInfo = Breakout;
		};
/* End PBXContainerItemProxy section */

/* Begin PBXFileReference section */
		0F0505D31C6D2D3000888E9C /* MenuViewController.swift */ = {isa = PBXFileReference; fileEncoding = 4; lastKnownFileType = sourcecode.swift; path = MenuViewController.swift; sourceTree = "<group>"; };
		0F0505D51C6D54AF00888E9C /* UserViewController.swift */ = {isa = PBXFileReference; fileEncoding = 4; lastKnownFileType = sourcecode.swift; path = UserViewController.swift; sourceTree = "<group>"; };
		0FF3E83C1C640598005EBE54 /* Breakout.app */ = {isa = PBXFileReference; explicitFileType = wrapper.application; includeInIndex = 0; path = Breakout.app; sourceTree = BUILT_PRODUCTS_DIR; };
		0FF3E83F1C640598005EBE54 /* AppDelegate.swift */ = {isa = PBXFileReference; lastKnownFileType = sourcecode.swift; path = AppDelegate.swift; sourceTree = "<group>"; };
		0FF3E8441C640598005EBE54 /* Base */ = {isa = PBXFileReference; lastKnownFileType = file.storyboard; name = Base; path = Base.lproj/Main.storyboard; sourceTree = "<group>"; };
		0FF3E8461C640598005EBE54 /* Assets.xcassets */ = {isa = PBXFileReference; lastKnownFileType = folder.assetcatalog; path = Assets.xcassets; sourceTree = "<group>"; };
		0FF3E8491C640598005EBE54 /* Base */ = {isa = PBXFileReference; lastKnownFileType = file.storyboard; name = Base; path = Base.lproj/LaunchScreen.storyboard; sourceTree = "<group>"; };
		0FF3E84B1C640598005EBE54 /* Info.plist */ = {isa = PBXFileReference; lastKnownFileType = text.plist.xml; path = Info.plist; sourceTree = "<group>"; };
		0FF3E8501C640598005EBE54 /* BreakoutTests.xctest */ = {isa = PBXFileReference; explicitFileType = wrapper.cfbundle; includeInIndex = 0; path = BreakoutTests.xctest; sourceTree = BUILT_PRODUCTS_DIR; };
		0FF3E8541C640598005EBE54 /* BreakoutTests.swift */ = {isa = PBXFileReference; lastKnownFileType = sourcecode.swift; path = BreakoutTests.swift; sourceTree = "<group>"; };
		0FF3E8561C640598005EBE54 /* Info.plist */ = {isa = PBXFileReference; lastKnownFileType = text.plist.xml; path = Info.plist; sourceTree = "<group>"; };
		0FF3E85B1C640598005EBE54 /* BreakoutUITests.xctest */ = {isa = PBXFileReference; explicitFileType = wrapper.cfbundle; includeInIndex = 0; path = BreakoutUITests.xctest; sourceTree = BUILT_PRODUCTS_DIR; };
		0FF3E85F1C640598005EBE54 /* BreakoutUITests.swift */ = {isa = PBXFileReference; lastKnownFileType = sourcecode.swift; path = BreakoutUITests.swift; sourceTree = "<group>"; };
		0FF3E8611C640598005EBE54 /* Info.plist */ = {isa = PBXFileReference; lastKnownFileType = text.plist.xml; path = Info.plist; sourceTree = "<group>"; };
		0FF3E8AA1C641C0D005EBE54 /* BreakoutViewController.swift */ = {isa = PBXFileReference; fileEncoding = 4; lastKnownFileType = sourcecode.swift; path = BreakoutViewController.swift; sourceTree = "<group>"; };
		0FF3E8AE1C641DBA005EBE54 /* BreakoutBehavior.swift */ = {isa = PBXFileReference; fileEncoding = 4; lastKnownFileType = sourcecode.swift; path = BreakoutBehavior.swift; sourceTree = "<group>"; };
		0FF3E8B41C6959C7005EBE54 /* SettingsViewController.swift */ = {isa = PBXFileReference; fileEncoding = 4; lastKnownFileType = sourcecode.swift; path = SettingsViewController.swift; sourceTree = "<group>"; };
/* End PBXFileReference section */

/* Begin PBXFrameworksBuildPhase section */
		0FF3E8391C640598005EBE54 /* Frameworks */ = {
			isa = PBXFrameworksBuildPhase;
			buildActionMask = 2147483647;
			files = (
			);
			runOnlyForDeploymentPostprocessing = 0;
		};
		0FF3E84D1C640598005EBE54 /* Frameworks */ = {
			isa = PBXFrameworksBuildPhase;
			buildActionMask = 2147483647;
			files = (
			);
			runOnlyForDeploymentPostprocessing = 0;
		};
		0FF3E8581C640598005EBE54 /* Frameworks */ = {
			isa = PBXFrameworksBuildPhase;
			buildActionMask = 2147483647;
			files = (
			);
			runOnlyForDeploymentPostprocessing = 0;
		};
/* End PBXFrameworksBuildPhase section */

/* Begin PBXGroup section */
		0FF3E8331C640598005EBE54 = {
			isa = PBXGroup;
			children = (
				0FF3E83E1C640598005EBE54 /* Breakout */,
				0FF3E8531C640598005EBE54 /* BreakoutTests */,
				0FF3E85E1C640598005EBE54 /* BreakoutUITests */,
				0FF3E83D1C640598005EBE54 /* Products */,
			);
			sourceTree = "<group>";
		};
		0FF3E83D1C640598005EBE54 /* Products */ = {
			isa = PBXGroup;
			children = (
				0FF3E83C1C640598005EBE54 /* Breakout.app */,
				0FF3E8501C640598005EBE54 /* BreakoutTests.xctest */,
				0FF3E85B1C640598005EBE54 /* BreakoutUITests.xctest */,
			);
			name = Products;
			sourceTree = "<group>";
		};
		0FF3E83E1C640598005EBE54 /* Breakout */ = {
			isa = PBXGroup;
			children = (
				0FF3E86D1C640832005EBE54 /* Supporting Files */,
				0FF3E83F1C640598005EBE54 /* AppDelegate.swift */,
				0FF3E8431C640598005EBE54 /* Main.storyboard */,
				0F0505D31C6D2D3000888E9C /* MenuViewController.swift */,
				0F0505D51C6D54AF00888E9C /* UserViewController.swift */,
				0FF3E8B41C6959C7005EBE54 /* SettingsViewController.swift */,
				0FF3E8AE1C641DBA005EBE54 /* BreakoutBehavior.swift */,
				0FF3E8AA1C641C0D005EBE54 /* BreakoutViewController.swift */,
			);
			path = Breakout;
			sourceTree = "<group>";
		};
		0FF3E8531C640598005EBE54 /* BreakoutTests */ = {
			isa = PBXGroup;
			children = (
				0FF3E8541C640598005EBE54 /* BreakoutTests.swift */,
				0FF3E8561C640598005EBE54 /* Info.plist */,
			);
			path = BreakoutTests;
			sourceTree = "<group>";
		};
		0FF3E85E1C640598005EBE54 /* BreakoutUITests */ = {
			isa = PBXGroup;
			children = (
				0FF3E85F1C640598005EBE54 /* BreakoutUITests.swift */,
				0FF3E8611C640598005EBE54 /* Info.plist */,
			);
			path = BreakoutUITests;
			sourceTree = "<group>";
		};
		0FF3E86D1C640832005EBE54 /* Supporting Files */ = {
			isa = PBXGroup;
			children = (
				0FF3E8461C640598005EBE54 /* Assets.xcassets */,
				0FF3E8481C640598005EBE54 /* LaunchScreen.storyboard */,
				0FF3E84B1C640598005EBE54 /* Info.plist */,
			);
			name = "Supporting Files";
			sourceTree = "<group>";
		};
/* End PBXGroup section */

/* Begin PBXNativeTarget section */
		0FF3E83B1C640598005EBE54 /* Breakout */ = {
			isa = PBXNativeTarget;
			buildConfigurationList = 0FF3E8641C640598005EBE54 /* Build configuration list for PBXNativeTarget "Breakout" */;
			buildPhases = (
				0FF3E8381C640598005EBE54 /* Sources */,
				0FF3E8391C640598005EBE54 /* Frameworks */,
				0FF3E83A1C640598005EBE54 /* Resources */,
			);
			buildRules = (
			);
			dependencies = (
			);
			name = Breakout;
			productName = Breakout;
			productReference = 0FF3E83C1C640598005EBE54 /* Breakout.app */;
			productType = "com.apple.product-type.application";
		};
		0FF3E84F1C640598005EBE54 /* BreakoutTests */ = {
			isa = PBXNativeTarget;
			buildConfigurationList = 0FF3E8671C640598005EBE54 /* Build configuration list for PBXNativeTarget "BreakoutTests" */;
			buildPhases = (
				0FF3E84C1C640598005EBE54 /* Sources */,
				0FF3E84D1C640598005EBE54 /* Frameworks */,
				0FF3E84E1C640598005EBE54 /* Resources */,
			);
			buildRules = (
			);
			dependencies = (
				0FF3E8521C640598005EBE54 /* PBXTargetDependency */,
			);
			name = BreakoutTests;
			productName = BreakoutTests;
			productReference = 0FF3E8501C640598005EBE54 /* BreakoutTests.xctest */;
			productType = "com.apple.product-type.bundle.unit-test";
		};
		0FF3E85A1C640598005EBE54 /* BreakoutUITests */ = {
			isa = PBXNativeTarget;
			buildConfigurationList = 0FF3E86A1C640598005EBE54 /* Build configuration list for PBXNativeTarget "BreakoutUITests" */;
			buildPhases = (
				0FF3E8571C640598005EBE54 /* Sources */,
				0FF3E8581C640598005EBE54 /* Frameworks */,
				0FF3E8591C640598005EBE54 /* Resources */,
			);
			buildRules = (
			);
			dependencies = (
				0FF3E85D1C640598005EBE54 /* PBXTargetDependency */,
			);
			name = BreakoutUITests;
			productName = BreakoutUITests;
			productReference = 0FF3E85B1C640598005EBE54 /* BreakoutUITests.xctest */;
			productType = "com.apple.product-type.bundle.ui-testing";
		};
/* End PBXNativeTarget section */

/* Begin PBXProject section */
		0FF3E8341C640598005EBE54 /* Project object */ = {
			isa = PBXProject;
			attributes = {
				LastSwiftUpdateCheck = 0720;
				LastUpgradeCheck = 0720;
				ORGANIZATIONNAME = vreest;
				TargetAttributes = {
					0FF3E83B1C640598005EBE54 = {
						CreatedOnToolsVersion = 7.2;
					};
					0FF3E84F1C640598005EBE54 = {
						CreatedOnToolsVersion = 7.2;
						TestTargetID = 0FF3E83B1C640598005EBE54;
					};
					0FF3E85A1C640598005EBE54 = {
						CreatedOnToolsVersion = 7.2;
						TestTargetID = 0FF3E83B1C640598005EBE54;
					};
				};
			};
			buildConfigurationList = 0FF3E8371C640598005EBE54 /* Build configuration list for PBXProject "Breakout" */;
			compatibilityVersion = "Xcode 3.2";
			developmentRegion = English;
			hasScannedForEncodings = 0;
			knownRegions = (
				en,
				Base,
			);
			mainGroup = 0FF3E8331C640598005EBE54;
			productRefGroup = 0FF3E83D1C640598005EBE54 /* Products */;
			projectDirPath = "";
			projectRoot = "";
			targets = (
				0FF3E83B1C640598005EBE54 /* Breakout */,
				0FF3E84F1C640598005EBE54 /* BreakoutTests */,
				0FF3E85A1C640598005EBE54 /* BreakoutUITests */,
			);
		};
/* End PBXProject section */

/* Begin PBXResourcesBuildPhase section */
		0FF3E83A1C640598005EBE54 /* Resources */ = {
			isa = PBXResourcesBuildPhase;
			buildActionMask = 2147483647;
			files = (
				0FF3E84A1C640598005EBE54 /* LaunchScreen.storyboard in Resources */,
				0FF3E8471C640598005EBE54 /* Assets.xcassets in Resources */,
				0FF3E8451C640598005EBE54 /* Main.storyboard in Resources */,
			);
			runOnlyForDeploymentPostprocessing = 0;
		};
		0FF3E84E1C640598005EBE54 /* Resources */ = {
			isa = PBXResourcesBuildPhase;
			buildActionMask = 2147483647;
			files = (
			);
			runOnlyForDeploymentPostprocessing = 0;
		};
		0FF3E8591C640598005EBE54 /* Resources */ = {
			isa = PBXResourcesBuildPhase;
			buildActionMask = 2147483647;
			files = (
			);
			runOnlyForDeploymentPostprocessing = 0;
		};
/* End PBXResourcesBuildPhase section */

/* Begin PBXSourcesBuildPhase section */
		0FF3E8381C640598005EBE54 /* Sources */ = {
			isa = PBXSourcesBuildPhase;
			buildActionMask = 2147483647;
			files = (
				0F0505D61C6D54AF00888E9C /* UserViewController.swift in Sources */,
				0F0505D41C6D2D3000888E9C /* MenuViewController.swift in Sources */,
				0FF3E8401C640598005EBE54 /* AppDelegate.swift in Sources */,
				0FF3E8AF1C641DBA005EBE54 /* BreakoutBehavior.swift in Sources */,
				0FF3E8AB1C641C0D005EBE54 /* BreakoutViewController.swift in Sources */,
				0FF3E8B51C6959C8005EBE54 /* SettingsViewController.swift in Sources */,
			);
			runOnlyForDeploymentPostprocessing = 0;
		};
		0FF3E84C1C640598005EBE54 /* Sources */ = {
			isa = PBXSourcesBuildPhase;
			buildActionMask = 2147483647;
			files = (
				0FF3E8551C640598005EBE54 /* BreakoutTests.swift in Sources */,
			);
			runOnlyForDeploymentPostprocessing = 0;
		};
		0FF3E8571C640598005EBE54 /* Sources */ = {
			isa = PBXSourcesBuildPhase;
			buildActionMask = 2147483647;
			files = (
				0FF3E8601C640598005EBE54 /* BreakoutUITests.swift in Sources */,
			);
			runOnlyForDeploymentPostprocessing = 0;
		};
/* End PBXSourcesBuildPhase section */

/* Begin PBXTargetDependency section */
		0FF3E8521C640598005EBE54 /* PBXTargetDependency */ = {
			isa = PBXTargetDependency;
			target = 0FF3E83B1C640598005EBE54 /* Breakout */;
			targetProxy = 0FF3E8511C640598005EBE54 /* PBXContainerItemProxy */;
		};
		0FF3E85D1C640598005EBE54 /* PBXTargetDependency */ = {
			isa = PBXTargetDependency;
			target = 0FF3E83B1C640598005EBE54 /* Breakout */;
			targetProxy = 0FF3E85C1C640598005EBE54 /* PBXContainerItemProxy */;
		};
/* End PBXTargetDependency section */

/* Begin PBXVariantGroup section */
		0FF3E8431C640598005EBE54 /* Main.storyboard */ = {
			isa = PBXVariantGroup;
			children = (
				0FF3E8441C640598005EBE54 /* Base */,
			);
			name = Main.storyboard;
			sourceTree = "<group>";
		};
		0FF3E8481C640598005EBE54 /* LaunchScreen.storyboard */ = {
			isa = PBXVariantGroup;
			children = (
				0FF3E8491C640598005EBE54 /* Base */,
			);
			name = LaunchScreen.storyboard;
			sourceTree = "<group>";
		};
/* End PBXVariantGroup section */

/* Begin XCBuildConfiguration section */
		0FF3E8621C640598005EBE54 /* Debug */ = {
			isa = XCBuildConfiguration;
			buildSettings = {
				ALWAYS_SEARCH_USER_PATHS = NO;
				CLANG_CXX_LANGUAGE_STANDARD = "gnu++0x";
				CLANG_CXX_LIBRARY = "libc++";
				CLANG_ENABLE_MODULES = YES;
				CLANG_ENABLE_OBJC_ARC = YES;
				CLANG_WARN_BOOL_CONVERSION = YES;
				CLANG_WARN_CONSTANT_CONVERSION = YES;
				CLANG_WARN_DIRECT_OBJC_ISA_USAGE = YES_ERROR;
				CLANG_WARN_EMPTY_BODY = YES;
				CLANG_WARN_ENUM_CONVERSION = YES;
				CLANG_WARN_INT_CONVERSION = YES;
				CLANG_WARN_OBJC_ROOT_CLASS = YES_ERROR;
				CLANG_WARN_UNREACHABLE_CODE = YES;
				CLANG_WARN__DUPLICATE_METHOD_MATCH = YES;
				"CODE_SIGN_IDENTITY[sdk=iphoneos*]" = "iPhone Developer";
				COPY_PHASE_STRIP = NO;
				DEBUG_INFORMATION_FORMAT = dwarf;
				ENABLE_STRICT_OBJC_MSGSEND = YES;
				ENABLE_TESTABILITY = YES;
				GCC_C_LANGUAGE_STANDARD = gnu99;
				GCC_DYNAMIC_NO_PIC = NO;
				GCC_NO_COMMON_BLOCKS = YES;
				GCC_OPTIMIZATION_LEVEL = 0;
				GCC_PREPROCESSOR_DEFINITIONS = (
					"DEBUG=1",
					"$(inherited)",
				);
				GCC_WARN_64_TO_32_BIT_CONVERSION = YES;
				GCC_WARN_ABOUT_RETURN_TYPE = YES_ERROR;
				GCC_WARN_UNDECLARED_SELECTOR = YES;
				GCC_WARN_UNINITIALIZED_AUTOS = YES_AGGRESSIVE;
				GCC_WARN_UNUSED_FUNCTION = YES;
				GCC_WARN_UNUSED_VARIABLE = YES;
				IPHONEOS_DEPLOYMENT_TARGET = 9.2;
				MTL_ENABLE_DEBUG_INFO = YES;
				ONLY_ACTIVE_ARCH = YES;
				SDKROOT = iphoneos;
				SWIFT_OPTIMIZATION_LEVEL = "-Onone";
				TARGETED_DEVICE_FAMILY = "1,2";
			};
			name = Debug;
		};
		0FF3E8631C640598005EBE54 /* Release */ = {
			isa = XCBuildConfiguration;
			buildSettings = {
				ALWAYS_SEARCH_USER_PATHS = NO;
				CLANG_CXX_LANGUAGE_STANDARD = "gnu++0x";
				CLANG_CXX_LIBRARY = "libc++";
				CLANG_ENABLE_MODULES = YES;
				CLANG_ENABLE_OBJC_ARC = YES;
				CLANG_WARN_BOOL_CONVERSION = YES;
				CLANG_WARN_CONSTANT_CONVERSION = YES;
				CLANG_WARN_DIRECT_OBJC_ISA_USAGE = YES_ERROR;
				CLANG_WARN_EMPTY_BODY = YES;
				CLANG_WARN_ENUM_CONVERSION = YES;
				CLANG_WARN_INT_CONVERSION = YES;
				CLANG_WARN_OBJC_ROOT_CLASS = YES_ERROR;
				CLANG_WARN_UNREACHABLE_CODE = YES;
				CLANG_WARN__DUPLICATE_METHOD_MATCH = YES;
				"CODE_SIGN_IDENTITY[sdk=iphoneos*]" = "iPhone Developer";
				COPY_PHASE_STRIP = NO;
				DEBUG_INFORMATION_FORMAT = "dwarf-with-dsym";
				ENABLE_NS_ASSERTIONS = NO;
				ENABLE_STRICT_OBJC_MSGSEND = YES;
				GCC_C_LANGUAGE_STANDARD = gnu99;
				GCC_NO_COMMON_BLOCKS = YES;
				GCC_WARN_64_TO_32_BIT_CONVERSION = YES;
				GCC_WARN_ABOUT_RETURN_TYPE = YES_ERROR;
				GCC_WARN_UNDECLARED_SELECTOR = YES;
				GCC_WARN_UNINITIALIZED_AUTOS = YES_AGGRESSIVE;
				GCC_WARN_UNUSED_FUNCTION = YES;
				GCC_WARN_UNUSED_VARIABLE = YES;
				IPHONEOS_DEPLOYMENT_TARGET = 9.2;
				MTL_ENABLE_DEBUG_INFO = NO;
				SDKROOT = iphoneos;
				TARGETED_DEVICE_FAMILY = "1,2";
				VALIDATE_PRODUCT = YES;
			};
			name = Release;
		};
		0FF3E8651C640598005EBE54 /* Debug */ = {
			isa = XCBuildConfiguration;
			buildSettings = {
				ASSETCATALOG_COMPILER_APPICON_NAME = AppIcon;
				INFOPLIST_FILE = Breakout/Info.plist;
				LD_RUNPATH_SEARCH_PATHS = "$(inherited) @executable_path/Frameworks";
				PRODUCT_BUNDLE_IDENTIFIER = come.vreest.Breakout;
				PRODUCT_NAME = "$(TARGET_NAME)";
			};
			name = Debug;
		};
		0FF3E8661C640598005EBE54 /* Release */ = {
			isa = XCBuildConfiguration;
			buildSettings = {
				ASSETCATALOG_COMPILER_APPICON_NAME = AppIcon;
				INFOPLIST_FILE = Breakout/Info.plist;
				LD_RUNPATH_SEARCH_PATHS = "$(inherited) @executable_path/Frameworks";
				PRODUCT_BUNDLE_IDENTIFIER = come.vreest.Breakout;
				PRODUCT_NAME = "$(TARGET_NAME)";
			};
			name = Release;
		};
		0FF3E8681C640598005EBE54 /* Debug */ = {
			isa = XCBuildConfiguration;
			buildSettings = {
				BUNDLE_LOADER = "$(TEST_HOST)";
				INFOPLIST_FILE = BreakoutTests/Info.plist;
				LD_RUNPATH_SEARCH_PATHS = "$(inherited) @executable_path/Frameworks @loader_path/Frameworks";
				PRODUCT_BUNDLE_IDENTIFIER = come.vreest.BreakoutTests;
				PRODUCT_NAME = "$(TARGET_NAME)";
				TEST_HOST = "$(BUILT_PRODUCTS_DIR)/Breakout.app/Breakout";
			};
			name = Debug;
		};
		0FF3E8691C640598005EBE54 /* Release */ = {
			isa = XCBuildConfiguration;
			buildSettings = {
				BUNDLE_LOADER = "$(TEST_HOST)";
				INFOPLIST_FILE = BreakoutTests/Info.plist;
				LD_RUNPATH_SEARCH_PATHS = "$(inherited) @executable_path/Frameworks @loader_path/Frameworks";
				PRODUCT_BUNDLE_IDENTIFIER = come.vreest.BreakoutTests;
				PRODUCT_NAME = "$(TARGET_NAME)";
				TEST_HOST = "$(BUILT_PRODUCTS_DIR)/Breakout.app/Breakout";
			};
			name = Release;
		};
		0FF3E86B1C640598005EBE54 /* Debug */ = {
			isa = XCBuildConfiguration;
			buildSettings = {
				INFOPLIST_FILE = BreakoutUITests/Info.plist;
				LD_RUNPATH_SEARCH_PATHS = "$(inherited) @executable_path/Frameworks @loader_path/Frameworks";
				PRODUCT_BUNDLE_IDENTIFIER = come.vreest.BreakoutUITests;
				PRODUCT_NAME = "$(TARGET_NAME)";
				TEST_TARGET_NAME = Breakout;
				USES_XCTRUNNER = YES;
			};
			name = Debug;
		};
		0FF3E86C1C640598005EBE54 /* Release */ = {
			isa = XCBuildConfiguration;
			buildSettings = {
				INFOPLIST_FILE = BreakoutUITests/Info.plist;
				LD_RUNPATH_SEARCH_PATHS = "$(inherited) @executable_path/Frameworks @loader_path/Frameworks";
				PRODUCT_BUNDLE_IDENTIFIER = come.vreest.BreakoutUITests;
				PRODUCT_NAME = "$(TARGET_NAME)";
				TEST_TARGET_NAME = Breakout;
				USES_XCTRUNNER = YES;
			};
			name = Release;
		};
/* End XCBuildConfiguration section */

/* Begin XCConfigurationList section */
		0FF3E8371C640598005EBE54 /* Build configuration list for PBXProject "Breakout" */ = {
			isa = XCConfigurationList;
			buildConfigurations = (
				0FF3E8621C640598005EBE54 /* Debug */,
				0FF3E8631C640598005EBE54 /* Release */,
			);
			defaultConfigurationIsVisible = 0;
			defaultConfigurationName = Release;
		};
		0FF3E8641C640598005EBE54 /* Build configuration list for PBXNativeTarget "Breakout" */ = {
			isa = XCConfigurationList;
			buildConfigurations = (
				0FF3E8651C640598005EBE54 /* Debug */,
				0FF3E8661C640598005EBE54 /* Release */,
			);
			defaultConfigurationIsVisible = 0;
			defaultConfigurationName = Release;
		};
		0FF3E8671C640598005EBE54 /* Build configuration list for PBXNativeTarget "BreakoutTests" */ = {
			isa = XCConfigurationList;
			buildConfigurations = (
				0FF3E8681C640598005EBE54 /* Debug */,
				0FF3E8691C640598005EBE54 /* Release */,
			);
			defaultConfigurationIsVisible = 0;
			defaultConfigurationName = Release;
		};
		0FF3E86A1C640598005EBE54 /* Build configuration list for PBXNativeTarget "BreakoutUITests" */ = {
			isa = XCConfigurationList;
			buildConfigurations = (
				0FF3E86B1C640598005EBE54 /* Debug */,
				0FF3E86C1C640598005EBE54 /* Release */,
			);
			defaultConfigurationIsVisible = 0;
			defaultConfigurationName = Release;
		};
/* End XCConfigurationList section */
	};
	rootObject = 0FF3E8341C640598005EBE54 /* Project object */;
}
